// !$*UTF8*$!
{
	archiveVersion = 1;
	classes = {
	};
	objectVersion = 50;
	objects = {

/* Begin PBXBuildFile section */
		9C4929A1256AE1780009AF57 /* AppDelegate.swift in Sources */ = {isa = PBXBuildFile; fileRef = 9C4929A0256AE1780009AF57 /* AppDelegate.swift */; };
		9C4929A3256AE1780009AF57 /* SceneDelegate.swift in Sources */ = {isa = PBXBuildFile; fileRef = 9C4929A2256AE1780009AF57 /* SceneDelegate.swift */; };
		9C4929A5256AE1780009AF57 /* ViewController.swift in Sources */ = {isa = PBXBuildFile; fileRef = 9C4929A4256AE1780009AF57 /* ViewController.swift */; };
		9C4929A8256AE1780009AF57 /* Main.storyboard in Resources */ = {isa = PBXBuildFile; fileRef = 9C4929A6256AE1780009AF57 /* Main.storyboard */; };
		9C4929AA256AE17E0009AF57 /* Assets.xcassets in Resources */ = {isa = PBXBuildFile; fileRef = 9C4929A9256AE17E0009AF57 /* Assets.xcassets */; };
		9C4929AD256AE17E0009AF57 /* LaunchScreen.storyboard in Resources */ = {isa = PBXBuildFile; fileRef = 9C4929AB256AE17E0009AF57 /* LaunchScreen.storyboard */; };
		9C4929B8256AE17E0009AF57 /* Map_TestTests.swift in Sources */ = {isa = PBXBuildFile; fileRef = 9C4929B7256AE17E0009AF57 /* Map_TestTests.swift */; };
		9C4929C3256AE17E0009AF57 /* Map_TestUITests.swift in Sources */ = {isa = PBXBuildFile; fileRef = 9C4929C2256AE17E0009AF57 /* Map_TestUITests.swift */; };
/* End PBXBuildFile section */

/* Begin PBXContainerItemProxy section */
		9C4929B4256AE17E0009AF57 /* PBXContainerItemProxy */ = {
			isa = PBXContainerItemProxy;
			containerPortal = 9C492995256AE1780009AF57 /* Project object */;
			proxyType = 1;
			remoteGlobalIDString = 9C49299C256AE1780009AF57;
			remoteInfo = Map_Test;
		};
		9C4929BF256AE17E0009AF57 /* PBXContainerItemProxy */ = {
			isa = PBXContainerItemProxy;
			containerPortal = 9C492995256AE1780009AF57 /* Project object */;
			proxyType = 1;
			remoteGlobalIDString = 9C49299C256AE1780009AF57;
			remoteInfo = Map_Test;
		};
/* End PBXContainerItemProxy section */

/* Begin PBXFileReference section */
		9C49299D256AE1780009AF57 /* Map_Test.app */ = {isa = PBXFileReference; explicitFileType = wrapper.application; includeInIndex = 0; path = Map_Test.app; sourceTree = BUILT_PRODUCTS_DIR; };
		9C4929A0256AE1780009AF57 /* AppDelegate.swift */ = {isa = PBXFileReference; lastKnownFileType = sourcecode.swift; path = AppDelegate.swift; sourceTree = "<group>"; };
		9C4929A2256AE1780009AF57 /* SceneDelegate.swift */ = {isa = PBXFileReference; lastKnownFileType = sourcecode.swift; path = SceneDelegate.swift; sourceTree = "<group>"; };
		9C4929A4256AE1780009AF57 /* ViewController.swift */ = {isa = PBXFileReference; lastKnownFileType = sourcecode.swift; path = ViewController.swift; sourceTree = "<group>"; };
		9C4929A7256AE1780009AF57 /* Base */ = {isa = PBXFileReference; lastKnownFileType = file.storyboard; name = Base; path = Base.lproj/Main.storyboard; sourceTree = "<group>"; };
		9C4929A9256AE17E0009AF57 /* Assets.xcassets */ = {isa = PBXFileReference; lastKnownFileType = folder.assetcatalog; path = Assets.xcassets; sourceTree = "<group>"; };
		9C4929AC256AE17E0009AF57 /* Base */ = {isa = PBXFileReference; lastKnownFileType = file.storyboard; name = Base; path = Base.lproj/LaunchScreen.storyboard; sourceTree = "<group>"; };
		9C4929AE256AE17E0009AF57 /* Info.plist */ = {isa = PBXFileReference; lastKnownFileType = text.plist.xml; path = Info.plist; sourceTree = "<group>"; };
		9C4929B3256AE17E0009AF57 /* Map_TestTests.xctest */ = {isa = PBXFileReference; explicitFileType = wrapper.cfbundle; includeInIndex = 0; path = Map_TestTests.xctest; sourceTree = BUILT_PRODUCTS_DIR; };
		9C4929B7256AE17E0009AF57 /* Map_TestTests.swift */ = {isa = PBXFileReference; lastKnownFileType = sourcecode.swift; path = Map_TestTests.swift; sourceTree = "<group>"; };
		9C4929B9256AE17E0009AF57 /* Info.plist */ = {isa = PBXFileReference; lastKnownFileType = text.plist.xml; path = Info.plist; sourceTree = "<group>"; };
		9C4929BE256AE17E0009AF57 /* Map_TestUITests.xctest */ = {isa = PBXFileReference; explicitFileType = wrapper.cfbundle; includeInIndex = 0; path = Map_TestUITests.xctest; sourceTree = BUILT_PRODUCTS_DIR; };
		9C4929C2256AE17E0009AF57 /* Map_TestUITests.swift */ = {isa = PBXFileReference; lastKnownFileType = sourcecode.swift; path = Map_TestUITests.swift; sourceTree = "<group>"; };
		9C4929C4256AE17E0009AF57 /* Info.plist */ = {isa = PBXFileReference; lastKnownFileType = text.plist.xml; path = Info.plist; sourceTree = "<group>"; };
/* End PBXFileReference section */

/* Begin PBXFrameworksBuildPhase section */
		9C49299A256AE1780009AF57 /* Frameworks */ = {
			isa = PBXFrameworksBuildPhase;
			buildActionMask = 2147483647;
			files = (
			);
			runOnlyForDeploymentPostprocessing = 0;
		};
		9C4929B0256AE17E0009AF57 /* Frameworks */ = {
			isa = PBXFrameworksBuildPhase;
			buildActionMask = 2147483647;
			files = (
			);
			runOnlyForDeploymentPostprocessing = 0;
		};
		9C4929BB256AE17E0009AF57 /* Frameworks */ = {
			isa = PBXFrameworksBuildPhase;
			buildActionMask = 2147483647;
			files = (
			);
			runOnlyForDeploymentPostprocessing = 0;
		};
/* End PBXFrameworksBuildPhase section */

/* Begin PBXGroup section */
		9C492994256AE1780009AF57 = {
			isa = PBXGroup;
			children = (
				9C49299F256AE1780009AF57 /* Map_Test */,
				9C4929B6256AE17E0009AF57 /* Map_TestTests */,
				9C4929C1256AE17E0009AF57 /* Map_TestUITests */,
				9C49299E256AE1780009AF57 /* Products */,
			);
			sourceTree = "<group>";
		};
		9C49299E256AE1780009AF57 /* Products */ = {
			isa = PBXGroup;
			children = (
				9C49299D256AE1780009AF57 /* Map_Test.app */,
				9C4929B3256AE17E0009AF57 /* Map_TestTests.xctest */,
				9C4929BE256AE17E0009AF57 /* Map_TestUITests.xctest */,
			);
			name = Products;
			sourceTree = "<group>";
		};
		9C49299F256AE1780009AF57 /* Map_Test */ = {
			isa = PBXGroup;
			children = (
				9C4929A0256AE1780009AF57 /* AppDelegate.swift */,
				9C4929A2256AE1780009AF57 /* SceneDelegate.swift */,
				9C4929A4256AE1780009AF57 /* ViewController.swift */,
				9C4929A6256AE1780009AF57 /* Main.storyboard */,
				9C4929A9256AE17E0009AF57 /* Assets.xcassets */,
				9C4929AB256AE17E0009AF57 /* LaunchScreen.storyboard */,
				9C4929AE256AE17E0009AF57 /* Info.plist */,
			);
			path = Map_Test;
			sourceTree = "<group>";
		};
		9C4929B6256AE17E0009AF57 /* Map_TestTests */ = {
			isa = PBXGroup;
			children = (
				9C4929B7256AE17E0009AF57 /* Map_TestTests.swift */,
				9C4929B9256AE17E0009AF57 /* Info.plist */,
			);
			path = Map_TestTests;
			sourceTree = "<group>";
		};
		9C4929C1256AE17E0009AF57 /* Map_TestUITests */ = {
			isa = PBXGroup;
			children = (
				9C4929C2256AE17E0009AF57 /* Map_TestUITests.swift */,
				9C4929C4256AE17E0009AF57 /* Info.plist */,
			);
			path = Map_TestUITests;
			sourceTree = "<group>";
		};
/* End PBXGroup section */

/* Begin PBXNativeTarget section */
		9C49299C256AE1780009AF57 /* Map_Test */ = {
			isa = PBXNativeTarget;
			buildConfigurationList = 9C4929C7256AE17E0009AF57 /* Build configuration list for PBXNativeTarget "Map_Test" */;
			buildPhases = (
				9C492999256AE1780009AF57 /* Sources */,
				9C49299A256AE1780009AF57 /* Frameworks */,
				9C49299B256AE1780009AF57 /* Resources */,
			);
			buildRules = (
			);
			dependencies = (
			);
			name = Map_Test;
			productName = Map_Test;
			productReference = 9C49299D256AE1780009AF57 /* Map_Test.app */;
			productType = "com.apple.product-type.application";
		};
		9C4929B2256AE17E0009AF57 /* Map_TestTests */ = {
			isa = PBXNativeTarget;
			buildConfigurationList = 9C4929CA256AE17E0009AF57 /* Build configuration list for PBXNativeTarget "Map_TestTests" */;
			buildPhases = (
				9C4929AF256AE17E0009AF57 /* Sources */,
				9C4929B0256AE17E0009AF57 /* Frameworks */,
				9C4929B1256AE17E0009AF57 /* Resources */,
			);
			buildRules = (
			);
			dependencies = (
				9C4929B5256AE17E0009AF57 /* PBXTargetDependency */,
			);
			name = Map_TestTests;
			productName = Map_TestTests;
			productReference = 9C4929B3256AE17E0009AF57 /* Map_TestTests.xctest */;
			productType = "com.apple.product-type.bundle.unit-test";
		};
		9C4929BD256AE17E0009AF57 /* Map_TestUITests */ = {
			isa = PBXNativeTarget;
			buildConfigurationList = 9C4929CD256AE17E0009AF57 /* Build configuration list for PBXNativeTarget "Map_TestUITests" */;
			buildPhases = (
				9C4929BA256AE17E0009AF57 /* Sources */,
				9C4929BB256AE17E0009AF57 /* Frameworks */,
				9C4929BC256AE17E0009AF57 /* Resources */,
			);
			buildRules = (
			);
			dependencies = (
				9C4929C0256AE17E0009AF57 /* PBXTargetDependency */,
			);
			name = Map_TestUITests;
			productName = Map_TestUITests;
			productReference = 9C4929BE256AE17E0009AF57 /* Map_TestUITests.xctest */;
			productType = "com.apple.product-type.bundle.ui-testing";
		};
/* End PBXNativeTarget section */

/* Begin PBXProject section */
		9C492995256AE1780009AF57 /* Project object */ = {
			isa = PBXProject;
			attributes = {
				LastSwiftUpdateCheck = 1220;
				LastUpgradeCheck = 1220;
				TargetAttributes = {
					9C49299C256AE1780009AF57 = {
						CreatedOnToolsVersion = 12.2;
					};
					9C4929B2256AE17E0009AF57 = {
						CreatedOnToolsVersion = 12.2;
						TestTargetID = 9C49299C256AE1780009AF57;
					};
					9C4929BD256AE17E0009AF57 = {
						CreatedOnToolsVersion = 12.2;
						TestTargetID = 9C49299C256AE1780009AF57;
					};
				};
			};
			buildConfigurationList = 9C492998256AE1780009AF57 /* Build configuration list for PBXProject "Map_Test" */;
			compatibilityVersion = "Xcode 9.3";
			developmentRegion = en;
			hasScannedForEncodings = 0;
			knownRegions = (
				en,
				Base,
			);
			mainGroup = 9C492994256AE1780009AF57;
			productRefGroup = 9C49299E256AE1780009AF57 /* Products */;
			projectDirPath = "";
			projectRoot = "";
			targets = (
				9C49299C256AE1780009AF57 /* Map_Test */,
				9C4929B2256AE17E0009AF57 /* Map_TestTests */,
				9C4929BD256AE17E0009AF57 /* Map_TestUITests */,
			);
		};
/* End PBXProject section */

/* Begin PBXResourcesBuildPhase section */
		9C49299B256AE1780009AF57 /* Resources */ = {
			isa = PBXResourcesBuildPhase;
			buildActionMask = 2147483647;
			files = (
				9C4929AD256AE17E0009AF57 /* LaunchScreen.storyboard in Resources */,
				9C4929AA256AE17E0009AF57 /* Assets.xcassets in Resources */,
				9C4929A8256AE1780009AF57 /* Main.storyboard in Resources */,
			);
			runOnlyForDeploymentPostprocessing = 0;
		};
		9C4929B1256AE17E0009AF57 /* Resources */ = {
			isa = PBXResourcesBuildPhase;
			buildActionMask = 2147483647;
			files = (
			);
			runOnlyForDeploymentPostprocessing = 0;
		};
		9C4929BC256AE17E0009AF57 /* Resources */ = {
			isa = PBXResourcesBuildPhase;
			buildActionMask = 2147483647;
			files = (
			);
			runOnlyForDeploymentPostprocessing = 0;
		};
/* End PBXResourcesBuildPhase section */

/* Begin PBXSourcesBuildPhase section */
		9C492999256AE1780009AF57 /* Sources */ = {
			isa = PBXSourcesBuildPhase;
			buildActionMask = 2147483647;
			files = (
				9C4929A5256AE1780009AF57 /* ViewController.swift in Sources */,
				9C4929A1256AE1780009AF57 /* AppDelegate.swift in Sources */,
				9C4929A3256AE1780009AF57 /* SceneDelegate.swift in Sources */,
			);
			runOnlyForDeploymentPostprocessing = 0;
		};
		9C4929AF256AE17E0009AF57 /* Sources */ = {
			isa = PBXSourcesBuildPhase;
			buildActionMask = 2147483647;
			files = (
				9C4929B8256AE17E0009AF57 /* Map_TestTests.swift in Sources */,
			);
			runOnlyForDeploymentPostprocessing = 0;
		};
		9C4929BA256AE17E0009AF57 /* Sources */ = {
			isa = PBXSourcesBuildPhase;
			buildActionMask = 2147483647;
			files = (
				9C4929C3256AE17E0009AF57 /* Map_TestUITests.swift in Sources */,
			);
			runOnlyForDeploymentPostprocessing = 0;
		};
/* End PBXSourcesBuildPhase section */

/* Begin PBXTargetDependency section */
		9C4929B5256AE17E0009AF57 /* PBXTargetDependency */ = {
			isa = PBXTargetDependency;
			target = 9C49299C256AE1780009AF57 /* Map_Test */;
			targetProxy = 9C4929B4256AE17E0009AF57 /* PBXContainerItemProxy */;
		};
		9C4929C0256AE17E0009AF57 /* PBXTargetDependency */ = {
			isa = PBXTargetDependency;
			target = 9C49299C256AE1780009AF57 /* Map_Test */;
			targetProxy = 9C4929BF256AE17E0009AF57 /* PBXContainerItemProxy */;
		};
/* End PBXTargetDependency section */

/* Begin PBXVariantGroup section */
		9C4929A6256AE1780009AF57 /* Main.storyboard */ = {
			isa = PBXVariantGroup;
			children = (
				9C4929A7256AE1780009AF57 /* Base */,
			);
			name = Main.storyboard;
			sourceTree = "<group>";
		};
		9C4929AB256AE17E0009AF57 /* LaunchScreen.storyboard */ = {
			isa = PBXVariantGroup;
			children = (
				9C4929AC256AE17E0009AF57 /* Base */,
			);
			name = LaunchScreen.storyboard;
			sourceTree = "<group>";
		};
/* End PBXVariantGroup section */

/* Begin XCBuildConfiguration section */
		9C4929C5256AE17E0009AF57 /* Debug */ = {
			isa = XCBuildConfiguration;
			buildSettings = {
				ALWAYS_SEARCH_USER_PATHS = NO;
				CLANG_ANALYZER_NONNULL = YES;
				CLANG_ANALYZER_NUMBER_OBJECT_CONVERSION = YES_AGGRESSIVE;
				CLANG_CXX_LANGUAGE_STANDARD = "gnu++14";
				CLANG_CXX_LIBRARY = "libc++";
				CLANG_ENABLE_MODULES = YES;
				CLANG_ENABLE_OBJC_ARC = YES;
				CLANG_ENABLE_OBJC_WEAK = YES;
				CLANG_WARN_BLOCK_CAPTURE_AUTORELEASING = YES;
				CLANG_WARN_BOOL_CONVERSION = YES;
				CLANG_WARN_COMMA = YES;
				CLANG_WARN_CONSTANT_CONVERSION = YES;
				CLANG_WARN_DEPRECATED_OBJC_IMPLEMENTATIONS = YES;
				CLANG_WARN_DIRECT_OBJC_ISA_USAGE = YES_ERROR;
				CLANG_WARN_DOCUMENTATION_COMMENTS = YES;
				CLANG_WARN_EMPTY_BODY = YES;
				CLANG_WARN_ENUM_CONVERSION = YES;
				CLANG_WARN_INFINITE_RECURSION = YES;
				CLANG_WARN_INT_CONVERSION = YES;
				CLANG_WARN_NON_LITERAL_NULL_CONVERSION = YES;
				CLANG_WARN_OBJC_IMPLICIT_RETAIN_SELF = YES;
				CLANG_WARN_OBJC_LITERAL_CONVERSION = YES;
				CLANG_WARN_OBJC_ROOT_CLASS = YES_ERROR;
				CLANG_WARN_QUOTED_INCLUDE_IN_FRAMEWORK_HEADER = YES;
				CLANG_WARN_RANGE_LOOP_ANALYSIS = YES;
				CLANG_WARN_STRICT_PROTOTYPES = YES;
				CLANG_WARN_SUSPICIOUS_MOVE = YES;
				CLANG_WARN_UNGUARDED_AVAILABILITY = YES_AGGRESSIVE;
				CLANG_WARN_UNREACHABLE_CODE = YES;
				CLANG_WARN__DUPLICATE_METHOD_MATCH = YES;
				COPY_PHASE_STRIP = NO;
				DEBUG_INFORMATION_FORMAT = dwarf;
				ENABLE_STRICT_OBJC_MSGSEND = YES;
				ENABLE_TESTABILITY = YES;
				GCC_C_LANGUAGE_STANDARD = gnu11;
				GCC_DYNAMIC_NO_PIC = NO;
				GCC_NO_COMMON_BLOCKS = YES;
				GCC_OPTIMIZATION_LEVEL = 0;
				GCC_PREPROCESSOR_DEFINITIONS = (
					"DEBUG=1",
					"$(inherited)",
				);
				GCC_WARN_64_TO_32_BIT_CONVERSION = YES;
				GCC_WARN_ABOUT_RETURN_TYPE = YES_ERROR;
				GCC_WARN_UNDECLARED_SELECTOR = YES;
				GCC_WARN_UNINITIALIZED_AUTOS = YES_AGGRESSIVE;
				GCC_WARN_UNUSED_FUNCTION = YES;
				GCC_WARN_UNUSED_VARIABLE = YES;
				IPHONEOS_DEPLOYMENT_TARGET = 14.2;
				MTL_ENABLE_DEBUG_INFO = INCLUDE_SOURCE;
				MTL_FAST_MATH = YES;
				ONLY_ACTIVE_ARCH = YES;
				SDKROOT = iphoneos;
				SWIFT_ACTIVE_COMPILATION_CONDITIONS = DEBUG;
				SWIFT_OPTIMIZATION_LEVEL = "-Onone";
			};
			name = Debug;
		};
		9C4929C6256AE17E0009AF57 /* Release */ = {
			isa = XCBuildConfiguration;
			buildSettings = {
				ALWAYS_SEARCH_USER_PATHS = NO;
				CLANG_ANALYZER_NONNULL = YES;
				CLANG_ANALYZER_NUMBER_OBJECT_CONVERSION = YES_AGGRESSIVE;
				CLANG_CXX_LANGUAGE_STANDARD = "gnu++14";
				CLANG_CXX_LIBRARY = "libc++";
				CLANG_ENABLE_MODULES = YES;
				CLANG_ENABLE_OBJC_ARC = YES;
				CLANG_ENABLE_OBJC_WEAK = YES;
				CLANG_WARN_BLOCK_CAPTURE_AUTORELEASING = YES;
				CLANG_WARN_BOOL_CONVERSION = YES;
				CLANG_WARN_COMMA = YES;
				CLANG_WARN_CONSTANT_CONVERSION = YES;
				CLANG_WARN_DEPRECATED_OBJC_IMPLEMENTATIONS = YES;
				CLANG_WARN_DIRECT_OBJC_ISA_USAGE = YES_ERROR;
				CLANG_WARN_DOCUMENTATION_COMMENTS = YES;
				CLANG_WARN_EMPTY_BODY = YES;
				CLANG_WARN_ENUM_CONVERSION = YES;
				CLANG_WARN_INFINITE_RECURSION = YES;
				CLANG_WARN_INT_CONVERSION = YES;
				CLANG_WARN_NON_LITERAL_NULL_CONVERSION = YES;
				CLANG_WARN_OBJC_IMPLICIT_RETAIN_SELF = YES;
				CLANG_WARN_OBJC_LITERAL_CONVERSION = YES;
				CLANG_WARN_OBJC_ROOT_CLASS = YES_ERROR;
				CLANG_WARN_QUOTED_INCLUDE_IN_FRAMEWORK_HEADER = YES;
				CLANG_WARN_RANGE_LOOP_ANALYSIS = YES;
				CLANG_WARN_STRICT_PROTOTYPES = YES;
				CLANG_WARN_SUSPICIOUS_MOVE = YES;
				CLANG_WARN_UNGUARDED_AVAILABILITY = YES_AGGRESSIVE;
				CLANG_WARN_UNREACHABLE_CODE = YES;
				CLANG_WARN__DUPLICATE_METHOD_MATCH = YES;
				COPY_PHASE_STRIP = NO;
				DEBUG_INFORMATION_FORMAT = "dwarf-with-dsym";
				ENABLE_NS_ASSERTIONS = NO;
				ENABLE_STRICT_OBJC_MSGSEND = YES;
				GCC_C_LANGUAGE_STANDARD = gnu11;
				GCC_NO_COMMON_BLOCKS = YES;
				GCC_WARN_64_TO_32_BIT_CONVERSION = YES;
				GCC_WARN_ABOUT_RETURN_TYPE = YES_ERROR;
				GCC_WARN_UNDECLARED_SELECTOR = YES;
				GCC_WARN_UNINITIALIZED_AUTOS = YES_AGGRESSIVE;
				GCC_WARN_UNUSED_FUNCTION = YES;
				GCC_WARN_UNUSED_VARIABLE = YES;
				IPHONEOS_DEPLOYMENT_TARGET = 14.2;
				MTL_ENABLE_DEBUG_INFO = NO;
				MTL_FAST_MATH = YES;
				SDKROOT = iphoneos;
				SWIFT_COMPILATION_MODE = wholemodule;
				SWIFT_OPTIMIZATION_LEVEL = "-O";
				VALIDATE_PRODUCT = YES;
			};
			name = Release;
		};
		9C4929C8256AE17E0009AF57 /* Debug */ = {
			isa = XCBuildConfiguration;
			buildSettings = {
				ASSETCATALOG_COMPILER_APPICON_NAME = AppIcon;
				ASSETCATALOG_COMPILER_GLOBAL_ACCENT_COLOR_NAME = AccentColor;
				CODE_SIGN_STYLE = Automatic;
				DEVELOPMENT_TEAM = 83B85M254B;
				INFOPLIST_FILE = Map_Test/Info.plist;
				LD_RUNPATH_SEARCH_PATHS = (
					"$(inherited)",
					"@executable_path/Frameworks",
				);
				PRODUCT_BUNDLE_IDENTIFIER = "app.matsushima.mukku.Map-Test";
				PRODUCT_NAME = "$(TARGET_NAME)";
				SWIFT_VERSION = 5.0;
				TARGETED_DEVICE_FAMILY = "1,2";
			};
			name = Debug;
		};
		9C4929C9256AE17E0009AF57 /* Release */ = {
			isa = XCBuildConfiguration;
			buildSettings = {
				ASSETCATALOG_COMPILER_APPICON_NAME = AppIcon;
				ASSETCATALOG_COMPILER_GLOBAL_ACCENT_COLOR_NAME = AccentColor;
				CODE_SIGN_STYLE = Automatic;
				DEVELOPMENT_TEAM = 83B85M254B;
				INFOPLIST_FILE = Map_Test/Info.plist;
				LD_RUNPATH_SEARCH_PATHS = (
					"$(inherited)",
					"@executable_path/Frameworks",
				);
				PRODUCT_BUNDLE_IDENTIFIER = "app.matsushima.mukku.Map-Test";
				PRODUCT_NAME = "$(TARGET_NAME)";
				SWIFT_VERSION = 5.0;
				TARGETED_DEVICE_FAMILY = "1,2";
			};
			name = Release;
		};
		9C4929CB256AE17E0009AF57 /* Debug */ = {
			isa = XCBuildConfiguration;
			buildSettings = {
				ALWAYS_EMBED_SWIFT_STANDARD_LIBRARIES = YES;
				BUNDLE_LOADER = "$(TEST_HOST)";
				CODE_SIGN_STYLE = Automatic;
				DEVELOPMENT_TEAM = 83B85M254B;
				INFOPLIST_FILE = Map_TestTests/Info.plist;
				IPHONEOS_DEPLOYMENT_TARGET = 14.2;
				LD_RUNPATH_SEARCH_PATHS = (
					"$(inherited)",
					"@executable_path/Frameworks",
					"@loader_path/Frameworks",
				);
				PRODUCT_BUNDLE_IDENTIFIER = "app.matsushima.mukku.Map-TestTests";
				PRODUCT_NAME = "$(TARGET_NAME)";
				SWIFT_VERSION = 5.0;
				TARGETED_DEVICE_FAMILY = "1,2";
				TEST_HOST = "$(BUILT_PRODUCTS_DIR)/Map_Test.app/Map_Test";
			};
			name = Debug;
		};
		9C4929CC256AE17E0009AF57 /* Release */ = {
			isa = XCBuildConfiguration;
			buildSettings = {
				ALWAYS_EMBED_SWIFT_STANDARD_LIBRARIES = YES;
				BUNDLE_LOADER = "$(TEST_HOST)";
				CODE_SIGN_STYLE = Automatic;
				DEVELOPMENT_TEAM = 83B85M254B;
				INFOPLIST_FILE = Map_TestTests/Info.plist;
				IPHONEOS_DEPLOYMENT_TARGET = 14.2;
				LD_RUNPATH_SEARCH_PATHS = (
					"$(inherited)",
					"@executable_path/Frameworks",
					"@loader_path/Frameworks",
				);
				PRODUCT_BUNDLE_IDENTIFIER = "app.matsushima.mukku.Map-TestTests";
				PRODUCT_NAME = "$(TARGET_NAME)";
				SWIFT_VERSION = 5.0;
				TARGETED_DEVICE_FAMILY = "1,2";
				TEST_HOST = "$(BUILT_PRODUCTS_DIR)/Map_Test.app/Map_Test";
			};
			name = Release;
		};
		9C4929CE256AE17E0009AF57 /* Debug */ = {
			isa = XCBuildConfiguration;
			buildSettings = {
				ALWAYS_EMBED_SWIFT_STANDARD_LIBRARIES = YES;
				CODE_SIGN_STYLE = Automatic;
				DEVELOPMENT_TEAM = 83B85M254B;
				INFOPLIST_FILE = Map_TestUITests/Info.plist;
				LD_RUNPATH_SEARCH_PATHS = (
					"$(inherited)",
					"@executable_path/Frameworks",
					"@loader_path/Frameworks",
				);
				PRODUCT_BUNDLE_IDENTIFIER = "app.matsushima.mukku.Map-TestUITests";
				PRODUCT_NAME = "$(TARGET_NAME)";
				SWIFT_VERSION = 5.0;
				TARGETED_DEVICE_FAMILY = "1,2";
				TEST_TARGET_NAME = Map_Test;
			};
			name = Debug;
		};
		9C4929CF256AE17E0009AF57 /* Release */ = {
			isa = XCBuildConfiguration;
			buildSettings = {
				ALWAYS_EMBED_SWIFT_STANDARD_LIBRARIES = YES;
				CODE_SIGN_STYLE = Automatic;
				DEVELOPMENT_TEAM = 83B85M254B;
				INFOPLIST_FILE = Map_TestUITests/Info.plist;
				LD_RUNPATH_SEARCH_PATHS = (
					"$(inherited)",
					"@executable_path/Frameworks",
					"@loader_path/Frameworks",
				);
				PRODUCT_BUNDLE_IDENTIFIER = "app.matsushima.mukku.Map-TestUITests";
				PRODUCT_NAME = "$(TARGET_NAME)";
				SWIFT_VERSION = 5.0;
				TARGETED_DEVICE_FAMILY = "1,2";
				TEST_TARGET_NAME = Map_Test;
			};
			name = Release;
		};
/* End XCBuildConfiguration section */

/* Begin XCConfigurationList section */
		9C492998256AE1780009AF57 /* Build configuration list for PBXProject "Map_Test" */ = {
			isa = XCConfigurationList;
			buildConfigurations = (
				9C4929C5256AE17E0009AF57 /* Debug */,
				9C4929C6256AE17E0009AF57 /* Release */,
			);
			defaultConfigurationIsVisible = 0;
			defaultConfigurationName = Release;
		};
		9C4929C7256AE17E0009AF57 /* Build configuration list for PBXNativeTarget "Map_Test" */ = {
			isa = XCConfigurationList;
			buildConfigurations = (
				9C4929C8256AE17E0009AF57 /* Debug */,
				9C4929C9256AE17E0009AF57 /* Release */,
			);
			defaultConfigurationIsVisible = 0;
			defaultConfigurationName = Release;
		};
		9C4929CA256AE17E0009AF57 /* Build configuration list for PBXNativeTarget "Map_TestTests" */ = {
			isa = XCConfigurationList;
			buildConfigurations = (
				9C4929CB256AE17E0009AF57 /* Debug */,
				9C4929CC256AE17E0009AF57 /* Release */,
			);
			defaultConfigurationIsVisible = 0;
			defaultConfigurationName = Release;
		};
		9C4929CD256AE17E0009AF57 /* Build configuration list for PBXNativeTarget "Map_TestUITests" */ = {
			isa = XCConfigurationList;
			buildConfigurations = (
				9C4929CE256AE17E0009AF57 /* Debug */,
				9C4929CF256AE17E0009AF57 /* Release */,
			);
			defaultConfigurationIsVisible = 0;
			defaultConfigurationName = Release;
		};
/* End XCConfigurationList section */
	};
	rootObject = 9C492995256AE1780009AF57 /* Project object */;
}
